// !$*UTF8*$!
{
	archiveVersion = 1;
	classes = {
	};
	objectVersion = 48;
	objects = {

/* Begin PBXBuildFile section */
		496F979C1F96844D00B3AE2C /* AppDelegate.swift in Sources */ = {isa = PBXBuildFile; fileRef = 496F979B1F96844D00B3AE2C /* AppDelegate.swift */; };
		496F97A11F96844D00B3AE2C /* Main.storyboard in Resources */ = {isa = PBXBuildFile; fileRef = 496F979F1F96844D00B3AE2C /* Main.storyboard */; };
		496F97A31F96844D00B3AE2C /* Assets.xcassets in Resources */ = {isa = PBXBuildFile; fileRef = 496F97A21F96844D00B3AE2C /* Assets.xcassets */; };
		496F97A61F96844D00B3AE2C /* LaunchScreen.storyboard in Resources */ = {isa = PBXBuildFile; fileRef = 496F97A41F96844D00B3AE2C /* LaunchScreen.storyboard */; };
		496F97AE1F96848E00B3AE2C /* MoodTableViewController.swift in Sources */ = {isa = PBXBuildFile; fileRef = 496F97AD1F96848E00B3AE2C /* MoodTableViewController.swift */; };
		496F97B01F9684D600B3AE2C /* FriendTableViewCell.swift in Sources */ = {isa = PBXBuildFile; fileRef = 496F97AF1F9684D600B3AE2C /* FriendTableViewCell.swift */; };
		496F97B21F968BEE00B3AE2C /* Friend.swift in Sources */ = {isa = PBXBuildFile; fileRef = 496F97B11F968BEE00B3AE2C /* Friend.swift */; };
		496F97B41F96983400B3AE2C /* DetailViewController.swift in Sources */ = {isa = PBXBuildFile; fileRef = 496F97B31F96983400B3AE2C /* DetailViewController.swift */; };
/* End PBXBuildFile section */

/* Begin PBXFileReference section */
		496F97981F96844D00B3AE2C /* MoodTracker.app */ = {isa = PBXFileReference; explicitFileType = wrapper.application; includeInIndex = 0; path = MoodTracker.app; sourceTree = BUILT_PRODUCTS_DIR; };
		496F979B1F96844D00B3AE2C /* AppDelegate.swift */ = {isa = PBXFileReference; lastKnownFileType = sourcecode.swift; path = AppDelegate.swift; sourceTree = "<group>"; };
		496F97A01F96844D00B3AE2C /* Base */ = {isa = PBXFileReference; lastKnownFileType = file.storyboard; name = Base; path = Base.lproj/Main.storyboard; sourceTree = "<group>"; };
		496F97A21F96844D00B3AE2C /* Assets.xcassets */ = {isa = PBXFileReference; lastKnownFileType = folder.assetcatalog; path = Assets.xcassets; sourceTree = "<group>"; };
		496F97A51F96844D00B3AE2C /* Base */ = {isa = PBXFileReference; lastKnownFileType = file.storyboard; name = Base; path = Base.lproj/LaunchScreen.storyboard; sourceTree = "<group>"; };
		496F97A71F96844D00B3AE2C /* Info.plist */ = {isa = PBXFileReference; lastKnownFileType = text.plist.xml; path = Info.plist; sourceTree = "<group>"; };
		496F97AD1F96848E00B3AE2C /* MoodTableViewController.swift */ = {isa = PBXFileReference; lastKnownFileType = sourcecode.swift; path = MoodTableViewController.swift; sourceTree = "<group>"; };
		496F97AF1F9684D600B3AE2C /* FriendTableViewCell.swift */ = {isa = PBXFileReference; lastKnownFileType = sourcecode.swift; path = FriendTableViewCell.swift; sourceTree = "<group>"; };
		496F97B11F968BEE00B3AE2C /* Friend.swift */ = {isa = PBXFileReference; lastKnownFileType = sourcecode.swift; path = Friend.swift; sourceTree = "<group>"; };
		496F97B31F96983400B3AE2C /* DetailViewController.swift */ = {isa = PBXFileReference; lastKnownFileType = sourcecode.swift; path = DetailViewController.swift; sourceTree = "<group>"; };
/* End PBXFileReference section */

/* Begin PBXFrameworksBuildPhase section */
		496F97951F96844D00B3AE2C /* Frameworks */ = {
			isa = PBXFrameworksBuildPhase;
			buildActionMask = 2147483647;
			files = (
			);
			runOnlyForDeploymentPostprocessing = 0;
		};
/* End PBXFrameworksBuildPhase section */

/* Begin PBXGroup section */
		496F978F1F96844D00B3AE2C = {
			isa = PBXGroup;
			children = (
				496F979A1F96844D00B3AE2C /* MoodTracker */,
				496F97991F96844D00B3AE2C /* Products */,
			);
			sourceTree = "<group>";
		};
		496F97991F96844D00B3AE2C /* Products */ = {
			isa = PBXGroup;
			children = (
				496F97981F96844D00B3AE2C /* MoodTracker.app */,
			);
			name = Products;
			sourceTree = "<group>";
		};
		496F979A1F96844D00B3AE2C /* MoodTracker */ = {
			isa = PBXGroup;
			children = (
				496F979B1F96844D00B3AE2C /* AppDelegate.swift */,
				496F979F1F96844D00B3AE2C /* Main.storyboard */,
				496F97B51F969C6B00B3AE2C /* View Controllers */,
				496F97AF1F9684D600B3AE2C /* FriendTableViewCell.swift */,
				496F97B11F968BEE00B3AE2C /* Friend.swift */,
				496F97A21F96844D00B3AE2C /* Assets.xcassets */,
				496F97A41F96844D00B3AE2C /* LaunchScreen.storyboard */,
				496F97A71F96844D00B3AE2C /* Info.plist */,
			);
			path = MoodTracker;
			sourceTree = "<group>";
		};
		496F97B51F969C6B00B3AE2C /* View Controllers */ = {
			isa = PBXGroup;
			children = (
				496F97B31F96983400B3AE2C /* DetailViewController.swift */,
				496F97AD1F96848E00B3AE2C /* MoodTableViewController.swift */,
			);
			path = "View Controllers";
			sourceTree = "<group>";
		};
/* End PBXGroup section */

/* Begin PBXNativeTarget section */
		496F97971F96844D00B3AE2C /* MoodTracker */ = {
			isa = PBXNativeTarget;
			buildConfigurationList = 496F97AA1F96844D00B3AE2C /* Build configuration list for PBXNativeTarget "MoodTracker" */;
			buildPhases = (
				496F97941F96844D00B3AE2C /* Sources */,
				496F97951F96844D00B3AE2C /* Frameworks */,
				496F97961F96844D00B3AE2C /* Resources */,
			);
			buildRules = (
			);
			dependencies = (
			);
			name = MoodTracker;
			productName = MoodTracker;
			productReference = 496F97981F96844D00B3AE2C /* MoodTracker.app */;
			productType = "com.apple.product-type.application";
		};
/* End PBXNativeTarget section */

/* Begin PBXProject section */
		496F97901F96844D00B3AE2C /* Project object */ = {
			isa = PBXProject;
			attributes = {
				LastSwiftUpdateCheck = 0900;
				LastUpgradeCheck = 0900;
				ORGANIZATIONNAME = "Andrew Tsukuda";
				TargetAttributes = {
					496F97971F96844D00B3AE2C = {
						CreatedOnToolsVersion = 9.0;
						ProvisioningStyle = Automatic;
					};
				};
			};
			buildConfigurationList = 496F97931F96844D00B3AE2C /* Build configuration list for PBXProject "MoodTracker" */;
			compatibilityVersion = "Xcode 8.0";
			developmentRegion = en;
			hasScannedForEncodings = 0;
			knownRegions = (
				en,
				Base,
			);
			mainGroup = 496F978F1F96844D00B3AE2C;
			productRefGroup = 496F97991F96844D00B3AE2C /* Products */;
			projectDirPath = "";
			projectRoot = "";
			targets = (
				496F97971F96844D00B3AE2C /* MoodTracker */,
			);
		};
/* End PBXProject section */

/* Begin PBXResourcesBuildPhase section */
		496F97961F96844D00B3AE2C /* Resources */ = {
			isa = PBXResourcesBuildPhase;
			buildActionMask = 2147483647;
			files = (
				496F97A61F96844D00B3AE2C /* LaunchScreen.storyboard in Resources */,
				496F97A31F96844D00B3AE2C /* Assets.xcassets in Resources */,
				496F97A11F96844D00B3AE2C /* Main.storyboard in Resources */,
			);
			runOnlyForDeploymentPostprocessing = 0;
		};
/* End PBXResourcesBuildPhase section */

/* Begin PBXSourcesBuildPhase section */
		496F97941F96844D00B3AE2C /* Sources */ = {
			isa = PBXSourcesBuildPhase;
			buildActionMask = 2147483647;
			files = (
				496F979C1F96844D00B3AE2C /* AppDelegate.swift in Sources */,
				496F97B21F968BEE00B3AE2C /* Friend.swift in Sources */,
				496F97B41F96983400B3AE2C /* DetailViewController.swift in Sources */,
				496F97AE1F96848E00B3AE2C /* MoodTableViewController.swift in Sources */,
				496F97B01F9684D600B3AE2C /* FriendTableViewCell.swift in Sources */,
			);
			runOnlyForDeploymentPostprocessing = 0;
		};
/* End PBXSourcesBuildPhase section */

/* Begin PBXVariantGroup section */
		496F979F1F96844D00B3AE2C /* Main.storyboard */ = {
			isa = PBXVariantGroup;
			children = (
				496F97A01F96844D00B3AE2C /* Base */,
			);
			name = Main.storyboard;
			sourceTree = "<group>";
		};
		496F97A41F96844D00B3AE2C /* LaunchScreen.storyboard */ = {
			isa = PBXVariantGroup;
			children = (
				496F97A51F96844D00B3AE2C /* Base */,
			);
			name = LaunchScreen.storyboard;
			sourceTree = "<group>";
		};
/* End PBXVariantGroup section */

/* Begin XCBuildConfiguration section */
		496F97A81F96844D00B3AE2C /* Debug */ = {
			isa = XCBuildConfiguration;
			buildSettings = {
				ALWAYS_SEARCH_USER_PATHS = NO;
				CLANG_ANALYZER_NONNULL = YES;
				CLANG_ANALYZER_NUMBER_OBJECT_CONVERSION = YES_AGGRESSIVE;
				CLANG_CXX_LANGUAGE_STANDARD = "gnu++14";
				CLANG_CXX_LIBRARY = "libc++";
				CLANG_ENABLE_MODULES = YES;
				CLANG_ENABLE_OBJC_ARC = YES;
				CLANG_WARN_BLOCK_CAPTURE_AUTORELEASING = YES;
				CLANG_WARN_BOOL_CONVERSION = YES;
				CLANG_WARN_COMMA = YES;
				CLANG_WARN_CONSTANT_CONVERSION = YES;
				CLANG_WARN_DIRECT_OBJC_ISA_USAGE = YES_ERROR;
				CLANG_WARN_DOCUMENTATION_COMMENTS = YES;
				CLANG_WARN_EMPTY_BODY = YES;
				CLANG_WARN_ENUM_CONVERSION = YES;
				CLANG_WARN_INFINITE_RECURSION = YES;
				CLANG_WARN_INT_CONVERSION = YES;
				CLANG_WARN_NON_LITERAL_NULL_CONVERSION = YES;
				CLANG_WARN_OBJC_LITERAL_CONVERSION = YES;
				CLANG_WARN_OBJC_ROOT_CLASS = YES_ERROR;
				CLANG_WARN_RANGE_LOOP_ANALYSIS = YES;
				CLANG_WARN_STRICT_PROTOTYPES = YES;
				CLANG_WARN_SUSPICIOUS_MOVE = YES;
				CLANG_WARN_UNGUARDED_AVAILABILITY = YES_AGGRESSIVE;
				CLANG_WARN_UNREACHABLE_CODE = YES;
				CLANG_WARN__DUPLICATE_METHOD_MATCH = YES;
				CODE_SIGN_IDENTITY = "iPhone Developer";
				COPY_PHASE_STRIP = NO;
				DEBUG_INFORMATION_FORMAT = dwarf;
				ENABLE_STRICT_OBJC_MSGSEND = YES;
				ENABLE_TESTABILITY = YES;
				GCC_C_LANGUAGE_STANDARD = gnu11;
				GCC_DYNAMIC_NO_PIC = NO;
				GCC_NO_COMMON_BLOCKS = YES;
				GCC_OPTIMIZATION_LEVEL = 0;
				GCC_PREPROCESSOR_DEFINITIONS = (
					"DEBUG=1",
					"$(inherited)",
				);
				GCC_WARN_64_TO_32_BIT_CONVERSION = YES;
				GCC_WARN_ABOUT_RETURN_TYPE = YES_ERROR;
				GCC_WARN_UNDECLARED_SELECTOR = YES;
				GCC_WARN_UNINITIALIZED_AUTOS = YES_AGGRESSIVE;
				GCC_WARN_UNUSED_FUNCTION = YES;
				GCC_WARN_UNUSED_VARIABLE = YES;
				IPHONEOS_DEPLOYMENT_TARGET = 11.0;
				MTL_ENABLE_DEBUG_INFO = YES;
				ONLY_ACTIVE_ARCH = YES;
				SDKROOT = iphoneos;
				SWIFT_ACTIVE_COMPILATION_CONDITIONS = DEBUG;
				SWIFT_OPTIMIZATION_LEVEL = "-Onone";
			};
			name = Debug;
		};
		496F97A91F96844D00B3AE2C /* Release */ = {
			isa = XCBuildConfiguration;
			buildSettings = {
				ALWAYS_SEARCH_USER_PATHS = NO;
				CLANG_ANALYZER_NONNULL = YES;
				CLANG_ANALYZER_NUMBER_OBJECT_CONVERSION = YES_AGGRESSIVE;
				CLANG_CXX_LANGUAGE_STANDARD = "gnu++14";
				CLANG_CXX_LIBRARY = "libc++";
				CLANG_ENABLE_MODULES = YES;
				CLANG_ENABLE_OBJC_ARC = YES;
				CLANG_WARN_BLOCK_CAPTURE_AUTORELEASING = YES;
				CLANG_WARN_BOOL_CONVERSION = YES;
				CLANG_WARN_COMMA = YES;
				CLANG_WARN_CONSTANT_CONVERSION = YES;
				CLANG_WARN_DIRECT_OBJC_ISA_USAGE = YES_ERROR;
				CLANG_WARN_DOCUMENTATION_COMMENTS = YES;
				CLANG_WARN_EMPTY_BODY = YES;
				CLANG_WARN_ENUM_CONVERSION = YES;
				CLANG_WARN_INFINITE_RECURSION = YES;
				CLANG_WARN_INT_CONVERSION = YES;
				CLANG_WARN_NON_LITERAL_NULL_CONVERSION = YES;
				CLANG_WARN_OBJC_LITERAL_CONVERSION = YES;
				CLANG_WARN_OBJC_ROOT_CLASS = YES_ERROR;
				CLANG_WARN_RANGE_LOOP_ANALYSIS = YES;
				CLANG_WARN_STRICT_PROTOTYPES = YES;
				CLANG_WARN_SUSPICIOUS_MOVE = YES;
				CLANG_WARN_UNGUARDED_AVAILABILITY = YES_AGGRESSIVE;
				CLANG_WARN_UNREACHABLE_CODE = YES;
				CLANG_WARN__DUPLICATE_METHOD_MATCH = YES;
				CODE_SIGN_IDENTITY = "iPhone Developer";
				COPY_PHASE_STRIP = NO;
				DEBUG_INFORMATION_FORMAT = "dwarf-with-dsym";
				ENABLE_NS_ASSERTIONS = NO;
				ENABLE_STRICT_OBJC_MSGSEND = YES;
				GCC_C_LANGUAGE_STANDARD = gnu11;
				GCC_NO_COMMON_BLOCKS = YES;
				GCC_WARN_64_TO_32_BIT_CONVERSION = YES;
				GCC_WARN_ABOUT_RETURN_TYPE = YES_ERROR;
				GCC_WARN_UNDECLARED_SELECTOR = YES;
				GCC_WARN_UNINITIALIZED_AUTOS = YES_AGGRESSIVE;
				GCC_WARN_UNUSED_FUNCTION = YES;
				GCC_WARN_UNUSED_VARIABLE = YES;
				IPHONEOS_DEPLOYMENT_TARGET = 11.0;
				MTL_ENABLE_DEBUG_INFO = NO;
				SDKROOT = iphoneos;
				SWIFT_OPTIMIZATION_LEVEL = "-Owholemodule";
				VALIDATE_PRODUCT = YES;
			};
			name = Release;
		};
		496F97AB1F96844D00B3AE2C /* Debug */ = {
			isa = XCBuildConfiguration;
			buildSettings = {
				ASSETCATALOG_COMPILER_APPICON_NAME = AppIcon;
				CODE_SIGN_STYLE = Automatic;
				DEVELOPMENT_TEAM = YTYUD7N245;
				INFOPLIST_FILE = MoodTracker/Info.plist;
				LD_RUNPATH_SEARCH_PATHS = "$(inherited) @executable_path/Frameworks";
				PRODUCT_BUNDLE_IDENTIFIER = tsukudabuddha.MoodTracker;
				PRODUCT_NAME = "$(TARGET_NAME)";
				SWIFT_VERSION = 4.0;
				TARGETED_DEVICE_FAMILY = "1,2";
			};
			name = Debug;
		};
		496F97AC1F96844D00B3AE2C /* Release */ = {
			isa = XCBuildConfiguration;
			buildSettings = {
				ASSETCATALOG_COMPILER_APPICON_NAME = AppIcon;
				CODE_SIGN_STYLE = Automatic;
				DEVELOPMENT_TEAM = YTYUD7N245;
				INFOPLIST_FILE = MoodTracker/Info.plist;
				LD_RUNPATH_SEARCH_PATHS = "$(inherited) @executable_path/Frameworks";
				PRODUCT_BUNDLE_IDENTIFIER = tsukudabuddha.MoodTracker;
				PRODUCT_NAME = "$(TARGET_NAME)";
				SWIFT_VERSION = 4.0;
				TARGETED_DEVICE_FAMILY = "1,2";
			};
			name = Release;
		};
/* End XCBuildConfiguration section */

/* Begin XCConfigurationList section */
		496F97931F96844D00B3AE2C /* Build configuration list for PBXProject "MoodTracker" */ = {
			isa = XCConfigurationList;
			buildConfigurations = (
				496F97A81F96844D00B3AE2C /* Debug */,
				496F97A91F96844D00B3AE2C /* Release */,
			);
			defaultConfigurationIsVisible = 0;
			defaultConfigurationName = Release;
		};
		496F97AA1F96844D00B3AE2C /* Build configuration list for PBXNativeTarget "MoodTracker" */ = {
			isa = XCConfigurationList;
			buildConfigurations = (
				496F97AB1F96844D00B3AE2C /* Debug */,
				496F97AC1F96844D00B3AE2C /* Release */,
			);
			defaultConfigurationIsVisible = 0;
			defaultConfigurationName = Release;
		};
/* End XCConfigurationList section */
	};
	rootObject = 496F97901F96844D00B3AE2C /* Project object */;
}
